// !$*UTF8*$!
{
	archiveVersion = 1;
	classes = {
	};
	objectVersion = 46;
	objects = {

/* Begin PBXBuildFile section */
		246E128B19A93E5600780D49 /* DCTValidationErrorDescription.h in Headers */ = {isa = PBXBuildFile; fileRef = 24E2179D16BFDDE40041E969 /* DCTValidationErrorDescription.h */; settings = {ATTRIBUTES = (Public, ); }; };
		246E128C19A93E5C00780D49 /* DCTValidationErrorDescription.m in Sources */ = {isa = PBXBuildFile; fileRef = 24E2179F16BFDDE40041E969 /* DCTValidationErrorDescription.m */; };
		246E128D19A93E6500780D49 /* DCTValidationErrorDescription.m in Sources */ = {isa = PBXBuildFile; fileRef = 24E2179F16BFDDE40041E969 /* DCTValidationErrorDescription.m */; };
		246E128E19A93E6700780D49 /* DCTValidationErrorDescription.h in Headers */ = {isa = PBXBuildFile; fileRef = 24E2179D16BFDDE40041E969 /* DCTValidationErrorDescription.h */; settings = {ATTRIBUTES = (Public, ); }; };
		2473F2FC1BC85EEF0075EA00 /* DCTValidationErrorDescription.m in Sources */ = {isa = PBXBuildFile; fileRef = 24E2179F16BFDDE40041E969 /* DCTValidationErrorDescription.m */; };
		2473F2FF1BC85EEF0075EA00 /* DCTValidationErrorDescription.h in Headers */ = {isa = PBXBuildFile; fileRef = 24E2179D16BFDDE40041E969 /* DCTValidationErrorDescription.h */; settings = {ATTRIBUTES = (Public, ); }; };
		24E2179E16BFDDE40041E969 /* DCTValidationErrorDescription.h in CopyFiles */ = {isa = PBXBuildFile; fileRef = 24E2179D16BFDDE40041E969 /* DCTValidationErrorDescription.h */; };
		24E217A016BFDDE40041E969 /* DCTValidationErrorDescription.m in Sources */ = {isa = PBXBuildFile; fileRef = 24E2179F16BFDDE40041E969 /* DCTValidationErrorDescription.m */; };
/* End PBXBuildFile section */

/* Begin PBXCopyFilesBuildPhase section */
		24E2179316BFDDE40041E969 /* CopyFiles */ = {
			isa = PBXCopyFilesBuildPhase;
			buildActionMask = 2147483647;
			dstPath = "include/${PRODUCT_NAME}";
			dstSubfolderSpec = 16;
			files = (
				24E2179E16BFDDE40041E969 /* DCTValidationErrorDescription.h in CopyFiles */,
			);
			runOnlyForDeploymentPostprocessing = 0;
		};
/* End PBXCopyFilesBuildPhase section */

/* Begin PBXFileReference section */
		246E125919A93DBE00780D49 /* DCTValidationErrorDescription.framework */ = {isa = PBXFileReference; explicitFileType = wrapper.framework; includeInIndex = 0; path = DCTValidationErrorDescription.framework; sourceTree = BUILT_PRODUCTS_DIR; };
		246E127419A93DD800780D49 /* DCTValidationErrorDescription.framework */ = {isa = PBXFileReference; explicitFileType = wrapper.framework; includeInIndex = 0; path = DCTValidationErrorDescription.framework; sourceTree = BUILT_PRODUCTS_DIR; };
		246E128A19A93DF900780D49 /* Info.plist */ = {isa = PBXFileReference; lastKnownFileType = text.plist.xml; path = Info.plist; sourceTree = "<group>"; };
		2473F3041BC85EEF0075EA00 /* DCTValidationErrorDescription.framework */ = {isa = PBXFileReference; explicitFileType = wrapper.framework; includeInIndex = 0; path = DCTValidationErrorDescription.framework; sourceTree = BUILT_PRODUCTS_DIR; };
		24CCFF571D9EA57200228331 /* Debug.xcconfig */ = {isa = PBXFileReference; lastKnownFileType = text.xcconfig; path = Debug.xcconfig; sourceTree = "<group>"; };
		24CCFF5A1D9EA57200228331 /* iOS Application.xcconfig */ = {isa = PBXFileReference; lastKnownFileType = text.xcconfig; path = "iOS Application.xcconfig"; sourceTree = "<group>"; };
		24CCFF5B1D9EA57200228331 /* iOS Bundle.xcconfig */ = {isa = PBXFileReference; lastKnownFileType = text.xcconfig; path = "iOS Bundle.xcconfig"; sourceTree = "<group>"; };
		24CCFF5C1D9EA57200228331 /* iOS Extension.xcconfig */ = {isa = PBXFileReference; lastKnownFileType = text.xcconfig; path = "iOS Extension.xcconfig"; sourceTree = "<group>"; };
		24CCFF5D1D9EA57200228331 /* iOS Framework.xcconfig */ = {isa = PBXFileReference; lastKnownFileType = text.xcconfig; path = "iOS Framework.xcconfig"; sourceTree = "<group>"; };
		24CCFF5E1D9EA57200228331 /* iOS Static Library.xcconfig */ = {isa = PBXFileReference; lastKnownFileType = text.xcconfig; path = "iOS Static Library.xcconfig"; sourceTree = "<group>"; };
		24CCFF5F1D9EA57200228331 /* iOS Tests.xcconfig */ = {isa = PBXFileReference; lastKnownFileType = text.xcconfig; path = "iOS Tests.xcconfig"; sourceTree = "<group>"; };
		24CCFF601D9EA57200228331 /* iOS UI Tests.xcconfig */ = {isa = PBXFileReference; lastKnownFileType = text.xcconfig; path = "iOS UI Tests.xcconfig"; sourceTree = "<group>"; };
		24CCFF611D9EA57200228331 /* iOS.xcconfig */ = {isa = PBXFileReference; lastKnownFileType = text.xcconfig; path = iOS.xcconfig; sourceTree = "<group>"; };
		24CCFF631D9EA57200228331 /* macOS Application.xcconfig */ = {isa = PBXFileReference; lastKnownFileType = text.xcconfig; path = "macOS Application.xcconfig"; sourceTree = "<group>"; };
		24CCFF641D9EA57200228331 /* macOS Extension.xcconfig */ = {isa = PBXFileReference; lastKnownFileType = text.xcconfig; path = "macOS Extension.xcconfig"; sourceTree = "<group>"; };
		24CCFF651D9EA57200228331 /* macOS Framework.xcconfig */ = {isa = PBXFileReference; lastKnownFileType = text.xcconfig; path = "macOS Framework.xcconfig"; sourceTree = "<group>"; };
		24CCFF661D9EA57200228331 /* macOS Tests.xcconfig */ = {isa = PBXFileReference; lastKnownFileType = text.xcconfig; path = "macOS Tests.xcconfig"; sourceTree = "<group>"; };
		24CCFF671D9EA57200228331 /* macOS UI Tests.xcconfig */ = {isa = PBXFileReference; lastKnownFileType = text.xcconfig; path = "macOS UI Tests.xcconfig"; sourceTree = "<group>"; };
		24CCFF681D9EA57200228331 /* macOS.xcconfig */ = {isa = PBXFileReference; lastKnownFileType = text.xcconfig; path = macOS.xcconfig; sourceTree = "<group>"; };
		24CCFF691D9EA57200228331 /* Release.xcconfig */ = {isa = PBXFileReference; lastKnownFileType = text.xcconfig; path = Release.xcconfig; sourceTree = "<group>"; };
		24CCFF721D9EA57200228331 /* tvOS Application.xcconfig */ = {isa = PBXFileReference; lastKnownFileType = text.xcconfig; path = "tvOS Application.xcconfig"; sourceTree = "<group>"; };
		24CCFF731D9EA57200228331 /* tvOS Extension.xcconfig */ = {isa = PBXFileReference; lastKnownFileType = text.xcconfig; path = "tvOS Extension.xcconfig"; sourceTree = "<group>"; };
		24CCFF741D9EA57200228331 /* tvOS Framework.xcconfig */ = {isa = PBXFileReference; lastKnownFileType = text.xcconfig; path = "tvOS Framework.xcconfig"; sourceTree = "<group>"; };
		24CCFF751D9EA57200228331 /* tvOS Tests.xcconfig */ = {isa = PBXFileReference; lastKnownFileType = text.xcconfig; path = "tvOS Tests.xcconfig"; sourceTree = "<group>"; };
		24CCFF761D9EA57200228331 /* tvOS UI Tests.xcconfig */ = {isa = PBXFileReference; lastKnownFileType = text.xcconfig; path = "tvOS UI Tests.xcconfig"; sourceTree = "<group>"; };
		24CCFF771D9EA57200228331 /* tvOS.xcconfig */ = {isa = PBXFileReference; lastKnownFileType = text.xcconfig; path = tvOS.xcconfig; sourceTree = "<group>"; };
		24CCFF791D9EA57200228331 /* watchOS Application.xcconfig */ = {isa = PBXFileReference; lastKnownFileType = text.xcconfig; path = "watchOS Application.xcconfig"; sourceTree = "<group>"; };
		24CCFF7A1D9EA57200228331 /* watchOS Extension.xcconfig */ = {isa = PBXFileReference; lastKnownFileType = text.xcconfig; path = "watchOS Extension.xcconfig"; sourceTree = "<group>"; };
		24CCFF7B1D9EA57200228331 /* watchOS Framework.xcconfig */ = {isa = PBXFileReference; lastKnownFileType = text.xcconfig; path = "watchOS Framework.xcconfig"; sourceTree = "<group>"; };
		24CCFF7C1D9EA57200228331 /* watchOS.xcconfig */ = {isa = PBXFileReference; lastKnownFileType = text.xcconfig; path = watchOS.xcconfig; sourceTree = "<group>"; };
		24E2179516BFDDE40041E969 /* libDCTValidationErrorDescription.a */ = {isa = PBXFileReference; explicitFileType = archive.ar; includeInIndex = 0; path = libDCTValidationErrorDescription.a; sourceTree = BUILT_PRODUCTS_DIR; };
		24E2179D16BFDDE40041E969 /* DCTValidationErrorDescription.h */ = {isa = PBXFileReference; lastKnownFileType = sourcecode.c.h; path = DCTValidationErrorDescription.h; sourceTree = "<group>"; };
		24E2179F16BFDDE40041E969 /* DCTValidationErrorDescription.m */ = {isa = PBXFileReference; lastKnownFileType = sourcecode.c.objc; path = DCTValidationErrorDescription.m; sourceTree = "<group>"; };
/* End PBXFileReference section */

/* Begin PBXFrameworksBuildPhase section */
		246E125519A93DBE00780D49 /* Frameworks */ = {
			isa = PBXFrameworksBuildPhase;
			buildActionMask = 2147483647;
			files = (
			);
			runOnlyForDeploymentPostprocessing = 0;
		};
		246E127019A93DD800780D49 /* Frameworks */ = {
			isa = PBXFrameworksBuildPhase;
			buildActionMask = 2147483647;
			files = (
			);
			runOnlyForDeploymentPostprocessing = 0;
		};
		2473F2FD1BC85EEF0075EA00 /* Frameworks */ = {
			isa = PBXFrameworksBuildPhase;
			buildActionMask = 2147483647;
			files = (
			);
			runOnlyForDeploymentPostprocessing = 0;
		};
		24E2179216BFDDE40041E969 /* Frameworks */ = {
			isa = PBXFrameworksBuildPhase;
			buildActionMask = 2147483647;
			files = (
			);
			runOnlyForDeploymentPostprocessing = 0;
		};
/* End PBXFrameworksBuildPhase section */

/* Begin PBXGroup section */
		24CCFF551D9EA57200228331 /* Configurations */ = {
			isa = PBXGroup;
			children = (
				24CCFF571D9EA57200228331 /* Debug.xcconfig */,
				24CCFF691D9EA57200228331 /* Release.xcconfig */,
				24CCFF591D9EA57200228331 /* iOS */,
				24CCFF621D9EA57200228331 /* macOS */,
				24CCFF711D9EA57200228331 /* tvOS */,
				24CCFF781D9EA57200228331 /* watchOS */,
			);
			path = Configurations;
			sourceTree = "<group>";
		};
		24CCFF591D9EA57200228331 /* iOS */ = {
			isa = PBXGroup;
			children = (
				24CCFF5A1D9EA57200228331 /* iOS Application.xcconfig */,
				24CCFF5B1D9EA57200228331 /* iOS Bundle.xcconfig */,
				24CCFF5C1D9EA57200228331 /* iOS Extension.xcconfig */,
				24CCFF5D1D9EA57200228331 /* iOS Framework.xcconfig */,
				24CCFF5E1D9EA57200228331 /* iOS Static Library.xcconfig */,
				24CCFF5F1D9EA57200228331 /* iOS Tests.xcconfig */,
				24CCFF601D9EA57200228331 /* iOS UI Tests.xcconfig */,
				24CCFF611D9EA57200228331 /* iOS.xcconfig */,
			);
			path = iOS;
			sourceTree = "<group>";
		};
		24CCFF621D9EA57200228331 /* macOS */ = {
			isa = PBXGroup;
			children = (
				24CCFF631D9EA57200228331 /* macOS Application.xcconfig */,
				24CCFF641D9EA57200228331 /* macOS Extension.xcconfig */,
				24CCFF651D9EA57200228331 /* macOS Framework.xcconfig */,
				24CCFF661D9EA57200228331 /* macOS Tests.xcconfig */,
				24CCFF671D9EA57200228331 /* macOS UI Tests.xcconfig */,
				24CCFF681D9EA57200228331 /* macOS.xcconfig */,
			);
			path = macOS;
			sourceTree = "<group>";
		};
		24CCFF711D9EA57200228331 /* tvOS */ = {
			isa = PBXGroup;
			children = (
				24CCFF721D9EA57200228331 /* tvOS Application.xcconfig */,
				24CCFF731D9EA57200228331 /* tvOS Extension.xcconfig */,
				24CCFF741D9EA57200228331 /* tvOS Framework.xcconfig */,
				24CCFF751D9EA57200228331 /* tvOS Tests.xcconfig */,
				24CCFF761D9EA57200228331 /* tvOS UI Tests.xcconfig */,
				24CCFF771D9EA57200228331 /* tvOS.xcconfig */,
			);
			path = tvOS;
			sourceTree = "<group>";
		};
		24CCFF781D9EA57200228331 /* watchOS */ = {
			isa = PBXGroup;
			children = (
				24CCFF791D9EA57200228331 /* watchOS Application.xcconfig */,
				24CCFF7A1D9EA57200228331 /* watchOS Extension.xcconfig */,
				24CCFF7B1D9EA57200228331 /* watchOS Framework.xcconfig */,
				24CCFF7C1D9EA57200228331 /* watchOS.xcconfig */,
			);
			path = watchOS;
			sourceTree = "<group>";
		};
		24E2178C16BFDDE40041E969 = {
			isa = PBXGroup;
			children = (
				24E2179A16BFDDE40041E969 /* DCTValidationErrorDescription */,
				24CCFF551D9EA57200228331 /* Configurations */,
				24E2179616BFDDE40041E969 /* Products */,
			);
			sourceTree = "<group>";
		};
		24E2179616BFDDE40041E969 /* Products */ = {
			isa = PBXGroup;
			children = (
				24E2179516BFDDE40041E969 /* libDCTValidationErrorDescription.a */,
				246E125919A93DBE00780D49 /* DCTValidationErrorDescription.framework */,
				246E127419A93DD800780D49 /* DCTValidationErrorDescription.framework */,
				2473F3041BC85EEF0075EA00 /* DCTValidationErrorDescription.framework */,
			);
			name = Products;
			sourceTree = "<group>";
		};
		24E2179A16BFDDE40041E969 /* DCTValidationErrorDescription */ = {
			isa = PBXGroup;
			children = (
				24E2179D16BFDDE40041E969 /* DCTValidationErrorDescription.h */,
				24E2179F16BFDDE40041E969 /* DCTValidationErrorDescription.m */,
				246E128A19A93DF900780D49 /* Info.plist */,
			);
			path = DCTValidationErrorDescription;
			sourceTree = "<group>";
		};
/* End PBXGroup section */

/* Begin PBXHeadersBuildPhase section */
		246E125619A93DBE00780D49 /* Headers */ = {
			isa = PBXHeadersBuildPhase;
			buildActionMask = 2147483647;
			files = (
				246E128E19A93E6700780D49 /* DCTValidationErrorDescription.h in Headers */,
			);
			runOnlyForDeploymentPostprocessing = 0;
		};
		246E127119A93DD800780D49 /* Headers */ = {
			isa = PBXHeadersBuildPhase;
			buildActionMask = 2147483647;
			files = (
				246E128B19A93E5600780D49 /* DCTValidationErrorDescription.h in Headers */,
			);
			runOnlyForDeploymentPostprocessing = 0;
		};
		2473F2FE1BC85EEF0075EA00 /* Headers */ = {
			isa = PBXHeadersBuildPhase;
			buildActionMask = 2147483647;
			files = (
				2473F2FF1BC85EEF0075EA00 /* DCTValidationErrorDescription.h in Headers */,
			);
			runOnlyForDeploymentPostprocessing = 0;
		};
/* End PBXHeadersBuildPhase section */

/* Begin PBXNativeTarget section */
		246E125819A93DBE00780D49 /* DCTValidationErrorDescription iOS */ = {
			isa = PBXNativeTarget;
			buildConfigurationList = 246E126919A93DBE00780D49 /* Build configuration list for PBXNativeTarget "DCTValidationErrorDescription iOS" */;
			buildPhases = (
				246E125419A93DBE00780D49 /* Sources */,
				246E125519A93DBE00780D49 /* Frameworks */,
				246E125619A93DBE00780D49 /* Headers */,
				246E125719A93DBE00780D49 /* Resources */,
			);
			buildRules = (
			);
			dependencies = (
			);
			name = "DCTValidationErrorDescription iOS";
			productName = "DCTValidationErrorDescription iOS";
			productReference = 246E125919A93DBE00780D49 /* DCTValidationErrorDescription.framework */;
			productType = "com.apple.product-type.framework";
		};
		246E127319A93DD800780D49 /* DCTValidationErrorDescription macOS */ = {
			isa = PBXNativeTarget;
			buildConfigurationList = 246E128419A93DD800780D49 /* Build configuration list for PBXNativeTarget "DCTValidationErrorDescription macOS" */;
			buildPhases = (
				246E126F19A93DD800780D49 /* Sources */,
				246E127019A93DD800780D49 /* Frameworks */,
				246E127119A93DD800780D49 /* Headers */,
				246E127219A93DD800780D49 /* Resources */,
			);
			buildRules = (
			);
			dependencies = (
			);
			name = "DCTValidationErrorDescription macOS";
			productName = "DCTValidationErrorDescription OS X";
			productReference = 246E127419A93DD800780D49 /* DCTValidationErrorDescription.framework */;
			productType = "com.apple.product-type.framework";
		};
		2473F2FA1BC85EEF0075EA00 /* DCTValidationErrorDescription tvOS */ = {
			isa = PBXNativeTarget;
			buildConfigurationList = 2473F3011BC85EEF0075EA00 /* Build configuration list for PBXNativeTarget "DCTValidationErrorDescription tvOS" */;
			buildPhases = (
				2473F2FB1BC85EEF0075EA00 /* Sources */,
				2473F2FD1BC85EEF0075EA00 /* Frameworks */,
				2473F2FE1BC85EEF0075EA00 /* Headers */,
				2473F3001BC85EEF0075EA00 /* Resources */,
			);
			buildRules = (
			);
			dependencies = (
			);
			name = "DCTValidationErrorDescription tvOS";
			productName = "DCTValidationErrorDescription iOS";
			productReference = 2473F3041BC85EEF0075EA00 /* DCTValidationErrorDescription.framework */;
			productType = "com.apple.product-type.framework";
		};
		24E2179416BFDDE40041E969 /* DCTValidationErrorDescription */ = {
			isa = PBXNativeTarget;
			buildConfigurationList = 24E217A316BFDDE40041E969 /* Build configuration list for PBXNativeTarget "DCTValidationErrorDescription" */;
			buildPhases = (
				24E2179116BFDDE40041E969 /* Sources */,
				24E2179216BFDDE40041E969 /* Frameworks */,
				24E2179316BFDDE40041E969 /* CopyFiles */,
			);
			buildRules = (
			);
			dependencies = (
			);
			name = DCTValidationErrorDescription;
			productName = DCTValidationErrorDescription;
			productReference = 24E2179516BFDDE40041E969 /* libDCTValidationErrorDescription.a */;
			productType = "com.apple.product-type.library.static";
		};
/* End PBXNativeTarget section */

/* Begin PBXProject section */
		24E2178D16BFDDE40041E969 /* Project object */ = {
			isa = PBXProject;
			attributes = {
				LastUpgradeCheck = 0730;
				ORGANIZATIONNAME = "Daniel Tull";
				TargetAttributes = {
					246E125819A93DBE00780D49 = {
						CreatedOnToolsVersion = 6.0;
					};
					246E127319A93DD800780D49 = {
						CreatedOnToolsVersion = 6.0;
					};
				};
			};
			buildConfigurationList = 24E2179016BFDDE40041E969 /* Build configuration list for PBXProject "DCTValidationErrorDescription" */;
			compatibilityVersion = "Xcode 3.2";
			developmentRegion = English;
			hasScannedForEncodings = 0;
			knownRegions = (
				en,
			);
			mainGroup = 24E2178C16BFDDE40041E969;
			productRefGroup = 24E2179616BFDDE40041E969 /* Products */;
			projectDirPath = "";
			projectRoot = "";
			targets = (
				24E2179416BFDDE40041E969 /* DCTValidationErrorDescription */,
				246E125819A93DBE00780D49 /* DCTValidationErrorDescription iOS */,
				246E127319A93DD800780D49 /* DCTValidationErrorDescription macOS */,
				2473F2FA1BC85EEF0075EA00 /* DCTValidationErrorDescription tvOS */,
			);
		};
/* End PBXProject section */

/* Begin PBXResourcesBuildPhase section */
		246E125719A93DBE00780D49 /* Resources */ = {
			isa = PBXResourcesBuildPhase;
			buildActionMask = 2147483647;
			files = (
			);
			runOnlyForDeploymentPostprocessing = 0;
		};
		246E127219A93DD800780D49 /* Resources */ = {
			isa = PBXResourcesBuildPhase;
			buildActionMask = 2147483647;
			files = (
			);
			runOnlyForDeploymentPostprocessing = 0;
		};
		2473F3001BC85EEF0075EA00 /* Resources */ = {
			isa = PBXResourcesBuildPhase;
			buildActionMask = 2147483647;
			files = (
			);
			runOnlyForDeploymentPostprocessing = 0;
		};
/* End PBXResourcesBuildPhase section */

/* Begin PBXSourcesBuildPhase section */
		246E125419A93DBE00780D49 /* Sources */ = {
			isa = PBXSourcesBuildPhase;
			buildActionMask = 2147483647;
			files = (
				246E128D19A93E6500780D49 /* DCTValidationErrorDescription.m in Sources */,
			);
			runOnlyForDeploymentPostprocessing = 0;
		};
		246E126F19A93DD800780D49 /* Sources */ = {
			isa = PBXSourcesBuildPhase;
			buildActionMask = 2147483647;
			files = (
				246E128C19A93E5C00780D49 /* DCTValidationErrorDescription.m in Sources */,
			);
			runOnlyForDeploymentPostprocessing = 0;
		};
		2473F2FB1BC85EEF0075EA00 /* Sources */ = {
			isa = PBXSourcesBuildPhase;
			buildActionMask = 2147483647;
			files = (
				2473F2FC1BC85EEF0075EA00 /* DCTValidationErrorDescription.m in Sources */,
			);
			runOnlyForDeploymentPostprocessing = 0;
		};
		24E2179116BFDDE40041E969 /* Sources */ = {
			isa = PBXSourcesBuildPhase;
			buildActionMask = 2147483647;
			files = (
				24E217A016BFDDE40041E969 /* DCTValidationErrorDescription.m in Sources */,
			);
			runOnlyForDeploymentPostprocessing = 0;
		};
/* End PBXSourcesBuildPhase section */

/* Begin XCBuildConfiguration section */
		246E126A19A93DBE00780D49 /* Debug */ = {
			isa = XCBuildConfiguration;
			baseConfigurationReference = 24CCFF5D1D9EA57200228331 /* iOS Framework.xcconfig */;
			buildSettings = {
				PRODUCT_NAME = DCTValidationErrorDescription;
			};
			name = Debug;
		};
		246E126B19A93DBE00780D49 /* Release */ = {
			isa = XCBuildConfiguration;
			baseConfigurationReference = 24CCFF5D1D9EA57200228331 /* iOS Framework.xcconfig */;
			buildSettings = {
				PRODUCT_NAME = DCTValidationErrorDescription;
			};
			name = Release;
		};
		246E128519A93DD800780D49 /* Debug */ = {
			isa = XCBuildConfiguration;
			baseConfigurationReference = 24CCFF651D9EA57200228331 /* macOS Framework.xcconfig */;
			buildSettings = {
				PRODUCT_NAME = DCTValidationErrorDescription;
			};
			name = Debug;
		};
		246E128619A93DD800780D49 /* Release */ = {
			isa = XCBuildConfiguration;
			baseConfigurationReference = 24CCFF651D9EA57200228331 /* macOS Framework.xcconfig */;
			buildSettings = {
				PRODUCT_NAME = DCTValidationErrorDescription;
			};
			name = Release;
		};
		2473F3021BC85EEF0075EA00 /* Debug */ = {
			isa = XCBuildConfiguration;
			baseConfigurationReference = 24CCFF741D9EA57200228331 /* tvOS Framework.xcconfig */;
			buildSettings = {
				PRODUCT_NAME = DCTValidationErrorDescription;
			};
			name = Debug;
		};
		2473F3031BC85EEF0075EA00 /* Release */ = {
			isa = XCBuildConfiguration;
			baseConfigurationReference = 24CCFF741D9EA57200228331 /* tvOS Framework.xcconfig */;
			buildSettings = {
				PRODUCT_NAME = DCTValidationErrorDescription;
			};
			name = Release;
		};
		24E217A116BFDDE40041E969 /* Debug */ = {
			isa = XCBuildConfiguration;
			baseConfigurationReference = 24CCFF571D9EA57200228331 /* Debug.xcconfig */;
			buildSettings = {
				CURRENT_PROJECT_VERSION = 1;
				IPHONEOS_DEPLOYMENT_TARGET = 8.0;
				MACOSX_DEPLOYMENT_TARGET = 10.10;
				PRODUCT_BUNDLE_IDENTIFIER = "uk.co.danieltull.$(PRODUCT_NAME:rfc1034identifier)";
				TVOS_DEPLOYMENT_TARGET = 9.0;
			};
			name = Debug;
		};
		24E217A216BFDDE40041E969 /* Release */ = {
			isa = XCBuildConfiguration;
			baseConfigurationReference = 24CCFF691D9EA57200228331 /* Release.xcconfig */;
			buildSettings = {
				CURRENT_PROJECT_VERSION = 1;
				IPHONEOS_DEPLOYMENT_TARGET = 8.0;
				MACOSX_DEPLOYMENT_TARGET = 10.10;
				PRODUCT_BUNDLE_IDENTIFIER = "uk.co.danieltull.$(PRODUCT_NAME:rfc1034identifier)";
				TVOS_DEPLOYMENT_TARGET = 9.0;
			};
			name = Release;
		};
		24E217A416BFDDE40041E969 /* Debug */ = {
			isa = XCBuildConfiguration;
			baseConfigurationReference = 24CCFF5E1D9EA57200228331 /* iOS Static Library.xcconfig */;
			buildSettings = {
			};
			name = Debug;
		};
		24E217A516BFDDE40041E969 /* Release */ = {
			isa = XCBuildConfiguration;
			baseConfigurationReference = 24CCFF5E1D9EA57200228331 /* iOS Static Library.xcconfig */;
			buildSettings = {
			};
			name = Release;
		};
/* End XCBuildConfiguration section */

/* Begin XCConfigurationList section */
		246E126919A93DBE00780D49 /* Build configuration list for PBXNativeTarget "DCTValidationErrorDescription iOS" */ = {
			isa = XCConfigurationList;
			buildConfigurations = (
				246E126A19A93DBE00780D49 /* Debug */,
				246E126B19A93DBE00780D49 /* Release */,
			);
			defaultConfigurationIsVisible = 0;
			defaultConfigurationName = Release;
		};
		246E128419A93DD800780D49 /* Build configuration list for PBXNativeTarget "DCTValidationErrorDescription macOS" */ = {
			isa = XCConfigurationList;
			buildConfigurations = (
				246E128519A93DD800780D49 /* Debug */,
				246E128619A93DD800780D49 /* Release */,
			);
			defaultConfigurationIsVisible = 0;
			defaultConfigurationName = Release;
		};
		2473F3011BC85EEF0075EA00 /* Build configuration list for PBXNativeTarget "DCTValidationErrorDescription tvOS" */ = {
			isa = XCConfigurationList;
			buildConfigurations = (
				2473F3021BC85EEF0075EA00 /* Debug */,
				2473F3031BC85EEF0075EA00 /* Release */,
			);
			defaultConfigurationIsVisible = 0;
			defaultConfigurationName = Release;
		};
		24E2179016BFDDE40041E969 /* Build configuration list for PBXProject "DCTValidationErrorDescription" */ = {
			isa = XCConfigurationList;
			buildConfigurations = (
				24E217A116BFDDE40041E969 /* Debug */,
				24E217A216BFDDE40041E969 /* Release */,
			);
			defaultConfigurationIsVisible = 0;
			defaultConfigurationName = Release;
		};
		24E217A316BFDDE40041E969 /* Build configuration list for PBXNativeTarget "DCTValidationErrorDescription" */ = {
			isa = XCConfigurationList;
			buildConfigurations = (
				24E217A416BFDDE40041E969 /* Debug */,
				24E217A516BFDDE40041E969 /* Release */,
			);
			defaultConfigurationIsVisible = 0;
			defaultConfigurationName = Release;
		};
/* End XCConfigurationList section */
	};
	rootObject = 24E2178D16BFDDE40041E969 /* Project object */;
}
